
Microsoft Visual Studio Solution File, Format Version 12.00
# Visual Studio Version 17
VisualStudioVersion = 17.4.33213.308
MinimumVisualStudioVersion = 10.0.40219.1
Project("{FAE04EC0-301F-11D3-BF4B-00C04F79EFBC}") = "BlazorClient", "BlazorClient\BlazorClient.csproj", "{DADC2DA9-E0B8-4974-9C76-084ACBDF5984}"
EndProject
Project("{FAE04EC0-301F-11D3-BF4B-00C04F79EFBC}") = "ServerMVC", "ServerMVC\ServerMVC.csproj", "{4C7343D1-1551-44D3-9B25-45FD26D43172}"
EndProject
Project("{FAE04EC0-301F-11D3-BF4B-00C04F79EFBC}") = "Shared", "Shared\Shared.csproj", "{6B5600CA-981F-4939-A027-DBA9E389C802}"
EndProject
Global
	GlobalSection(SolutionConfigurationPlatforms) = preSolution
		Debug|Any CPU = Debug|Any CPU
		Release|Any CPU = Release|Any CPU
	EndGlobalSection
	GlobalSection(ProjectConfigurationPlatforms) = postSolution
		{DADC2DA9-E0B8-4974-9C76-084ACBDF5984}.Debug|Any CPU.ActiveCfg = Debug|Any CPU
		{DADC2DA9-E0B8-4974-9C76-084ACBDF5984}.Debug|Any CPU.Build.0 = Debug|Any CPU
		{DADC2DA9-E0B8-4974-9C76-084ACBDF5984}.Release|Any CPU.ActiveCfg = Release|Any CPU
		{DADC2DA9-E0B8-4974-9C76-084ACBDF5984}.Release|Any CPU.Build.0 = Release|Any CPU
		{4C7343D1-1551-44D3-9B25-45FD26D43172}.Debug|Any CPU.ActiveCfg = Debug|Any CPU
		{4C7343D1-1551-44D3-9B25-45FD26D43172}.Debug|Any CPU.Build.0 = Debug|Any CPU
		{4C7343D1-1551-44D3-9B25-45FD26D43172}.Release|Any CPU.ActiveCfg = Release|Any CPU
		{4C7343D1-1551-44D3-9B25-45FD26D43172}.Release|Any CPU.Build.0 = Release|Any CPU
		{6B5600CA-981F-4939-A027-DBA9E389C802}.Debug|Any CPU.ActiveCfg = Debug|Any CPU
		{6B5600CA-981F-4939-A027-DBA9E389C802}.Debug|Any CPU.Build.0 = Debug|Any CPU
		{6B5600CA-981F-4939-A027-DBA9E389C802}.Release|Any CPU.ActiveCfg = Release|Any CPU
		{6B5600CA-981F-4939-A027-DBA9E389C802}.Release|Any CPU.Build.0 = Release|Any CPU
	EndGlobalSection
	GlobalSection(SolutionProperties) = preSolution
		HideSolutionNode = FALSE
	EndGlobalSection
	GlobalSection(ExtensibilityGlobals) = postSolution
		SolutionGuid = {7C0BE8C9-1A20-46A9-8A4A-A4579C590583}
	EndGlobalSection
EndGlobal
